
Microsoft Visual Studio Solution File, Format Version 12.00
# Visual Studio Version 17
VisualStudioVersion = 17.5.002.0
MinimumVisualStudioVersion = 10.0.40219.1
Project("{2150E333-8FDC-42A3-9474-1A3956D46DE8}") = "csharp-prep", "csharp-prep", "{75F39818-9A4A-4964-BD7A-652B1F54A38F}"
EndProject
Project("{9A19103F-16F7-4668-BE54-9A1E7A4F7556}") = "Prep1", "csharp-prep\Prep1\Prep1.csproj", "{C91B7A47-7043-4511-A0C5-F88056A9A7C7}"
EndProject
Project("{9A19103F-16F7-4668-BE54-9A1E7A4F7556}") = "Prep2", "csharp-prep\Prep2\Prep2.csproj", "{FA2AA725-D833-4040-A235-FFF94A86EED4}"
EndProject
Project("{9A19103F-16F7-4668-BE54-9A1E7A4F7556}") = "Prep3", "csharp-prep\Prep3\Prep3.csproj", "{68D78717-313B-4D58-AAF8-8489485CB2F5}"
EndProject
Project("{9A19103F-16F7-4668-BE54-9A1E7A4F7556}") = "Prep4", "csharp-prep\Prep4\Prep4.csproj", "{1154A081-4DE3-49FC-A66B-9C2C666C8310}"
EndProject
Project("{9A19103F-16F7-4668-BE54-9A1E7A4F7556}") = "Prep5", "csharp-prep\Prep5\Prep5.csproj", "{F7783EBF-D371-46D9-AFEC-C76D55A7F6CC}"
EndProject
Project("{2150E333-8FDC-42A3-9474-1A3956D46DE8}") = "final", "final", "{CCB2783C-C151-4987-AFDD-A79EF7ABB9D4}"
EndProject
Project("{9A19103F-16F7-4668-BE54-9A1E7A4F7556}") = "FinalProject", "final\FinalProject\FinalProject.csproj", "{B4CC54D2-E203-43CD-95BB-8BB2942DAB5F}"
EndProject
Project("{9A19103F-16F7-4668-BE54-9A1E7A4F7556}") = "Foundation1", "final\Foundation1\Foundation1.csproj", "{EFD06DD6-E22A-4BB7-A0D5-1DF7A7B8990D}"
EndProject
Project("{9A19103F-16F7-4668-BE54-9A1E7A4F7556}") = "Foundation2", "final\Foundation2\Foundation2.csproj", "{7D0A9D3A-389C-4991-8EEB-187AA8549005}"
EndProject
Project("{9A19103F-16F7-4668-BE54-9A1E7A4F7556}") = "Foundation3", "final\Foundation3\Foundation3.csproj", "{D9196D03-8B5F-4BDF-9AAC-F2101D0F8BCC}"
EndProject
Project("{9A19103F-16F7-4668-BE54-9A1E7A4F7556}") = "Foundation4", "final\Foundation4\Foundation4.csproj", "{F66B07ED-759D-4368-AFE2-892860485D73}"
EndProject
Project("{2150E333-8FDC-42A3-9474-1A3956D46DE8}") = "prepare", "prepare", "{9EA13DFC-8205-4349-BF66-0D7C6F3AC669}"
EndProject
Project("{9A19103F-16F7-4668-BE54-9A1E7A4F7556}") = "Learning02", "prepare\Learning02\Learning02.csproj", "{64D86B31-6D65-4A5C-B0F0-5A41D2EAEA2A}"
EndProject
Project("{9A19103F-16F7-4668-BE54-9A1E7A4F7556}") = "Learning03", "prepare\Learning03\Learning03.csproj", "{6DF23732-D256-4C4B-9094-FE8A67771474}"
EndProject
Project("{9A19103F-16F7-4668-BE54-9A1E7A4F7556}") = "Learning04", "prepare\Learning04\Learning04.csproj", "{F7694CEF-1475-4C74-887D-FC13F5DBE498}"
EndProject
Project("{9A19103F-16F7-4668-BE54-9A1E7A4F7556}") = "Learning05", "prepare\Learning05\Learning05.csproj", "{2A3EE816-FE20-42DA-8DE6-AD96B352582B}"
EndProject
Project("{2150E333-8FDC-42A3-9474-1A3956D46DE8}") = "prove", "prove", "{7CAC6992-108B-4E88-A016-762C7083BB0E}"
EndProject
Project("{9A19103F-16F7-4668-BE54-9A1E7A4F7556}") = "Develop02", "prove\Develop02\Develop02.csproj", "{86F34925-2A62-4F33-B14A-D875B251A8F6}"
EndProject
Project("{9A19103F-16F7-4668-BE54-9A1E7A4F7556}") = "Develop03", "prove\Develop03\Develop03.csproj", "{749C0389-D0F2-4451-9668-F271B9CE828E}"
EndProject
Project("{9A19103F-16F7-4668-BE54-9A1E7A4F7556}") = "Develop04", "prove\Develop04\Develop04.csproj", "{B20403FF-B154-497C-9890-8DC989747240}"
EndProject
Project("{9A19103F-16F7-4668-BE54-9A1E7A4F7556}") = "Develop05", "prove\Develop05\Develop05.csproj", "{27F0C66F-4D26-4CA9-8E6A-88FCC3712B13}"
EndProject
Project("{2150E333-8FDC-42A3-9474-1A3956D46DE8}") = "sandbox", "sandbox", "{E60674C6-4635-4A33-93CF-67C027DBF2CD}"
EndProject
Project("{9A19103F-16F7-4668-BE54-9A1E7A4F7556}") = "Sandbox", "sandbox\Sandbox\Sandbox.csproj", "{3A705CB8-3C4E-4A6B-AB5C-ACE50412636D}"
EndProject
Global
	GlobalSection(SolutionConfigurationPlatforms) = preSolution
		Debug|Any CPU = Debug|Any CPU
		Release|Any CPU = Release|Any CPU
	EndGlobalSection
	GlobalSection(ProjectConfigurationPlatforms) = postSolution
		{C91B7A47-7043-4511-A0C5-F88056A9A7C7}.Debug|Any CPU.ActiveCfg = Debug|Any CPU
		{C91B7A47-7043-4511-A0C5-F88056A9A7C7}.Debug|Any CPU.Build.0 = Debug|Any CPU
		{C91B7A47-7043-4511-A0C5-F88056A9A7C7}.Release|Any CPU.ActiveCfg = Release|Any CPU
		{C91B7A47-7043-4511-A0C5-F88056A9A7C7}.Release|Any CPU.Build.0 = Release|Any CPU
		{FA2AA725-D833-4040-A235-FFF94A86EED4}.Debug|Any CPU.ActiveCfg = Debug|Any CPU
		{FA2AA725-D833-4040-A235-FFF94A86EED4}.Debug|Any CPU.Build.0 = Debug|Any CPU
		{FA2AA725-D833-4040-A235-FFF94A86EED4}.Release|Any CPU.ActiveCfg = Release|Any CPU
		{FA2AA725-D833-4040-A235-FFF94A86EED4}.Release|Any CPU.Build.0 = Release|Any CPU
		{68D78717-313B-4D58-AAF8-8489485CB2F5}.Debug|Any CPU.ActiveCfg = Debug|Any CPU
		{68D78717-313B-4D58-AAF8-8489485CB2F5}.Debug|Any CPU.Build.0 = Debug|Any CPU
		{68D78717-313B-4D58-AAF8-8489485CB2F5}.Release|Any CPU.ActiveCfg = Release|Any CPU
		{68D78717-313B-4D58-AAF8-8489485CB2F5}.Release|Any CPU.Build.0 = Release|Any CPU
		{1154A081-4DE3-49FC-A66B-9C2C666C8310}.Debug|Any CPU.ActiveCfg = Debug|Any CPU
		{1154A081-4DE3-49FC-A66B-9C2C666C8310}.Debug|Any CPU.Build.0 = Debug|Any CPU
		{1154A081-4DE3-49FC-A66B-9C2C666C8310}.Release|Any CPU.ActiveCfg = Release|Any CPU
		{1154A081-4DE3-49FC-A66B-9C2C666C8310}.Release|Any CPU.Build.0 = Release|Any CPU
		{F7783EBF-D371-46D9-AFEC-C76D55A7F6CC}.Debug|Any CPU.ActiveCfg = Debug|Any CPU
		{F7783EBF-D371-46D9-AFEC-C76D55A7F6CC}.Debug|Any CPU.Build.0 = Debug|Any CPU
		{F7783EBF-D371-46D9-AFEC-C76D55A7F6CC}.Release|Any CPU.ActiveCfg = Release|Any CPU
		{F7783EBF-D371-46D9-AFEC-C76D55A7F6CC}.Release|Any CPU.Build.0 = Release|Any CPU
		{B4CC54D2-E203-43CD-95BB-8BB2942DAB5F}.Debug|Any CPU.ActiveCfg = Debug|Any CPU
		{B4CC54D2-E203-43CD-95BB-8BB2942DAB5F}.Debug|Any CPU.Build.0 = Debug|Any CPU
		{B4CC54D2-E203-43CD-95BB-8BB2942DAB5F}.Release|Any CPU.ActiveCfg = Release|Any CPU
		{B4CC54D2-E203-43CD-95BB-8BB2942DAB5F}.Release|Any CPU.Build.0 = Release|Any CPU
		{EFD06DD6-E22A-4BB7-A0D5-1DF7A7B8990D}.Debug|Any CPU.ActiveCfg = Debug|Any CPU
		{EFD06DD6-E22A-4BB7-A0D5-1DF7A7B8990D}.Debug|Any CPU.Build.0 = Debug|Any CPU
		{EFD06DD6-E22A-4BB7-A0D5-1DF7A7B8990D}.Release|Any CPU.ActiveCfg = Release|Any CPU
		{EFD06DD6-E22A-4BB7-A0D5-1DF7A7B8990D}.Release|Any CPU.Build.0 = Release|Any CPU
		{7D0A9D3A-389C-4991-8EEB-187AA8549005}.Debug|Any CPU.ActiveCfg = Debug|Any CPU
		{7D0A9D3A-389C-4991-8EEB-187AA8549005}.Debug|Any CPU.Build.0 = Debug|Any CPU
		{7D0A9D3A-389C-4991-8EEB-187AA8549005}.Release|Any CPU.ActiveCfg = Release|Any CPU
		{7D0A9D3A-389C-4991-8EEB-187AA8549005}.Release|Any CPU.Build.0 = Release|Any CPU
		{D9196D03-8B5F-4BDF-9AAC-F2101D0F8BCC}.Debug|Any CPU.ActiveCfg = Debug|Any CPU
		{D9196D03-8B5F-4BDF-9AAC-F2101D0F8BCC}.Debug|Any CPU.Build.0 = Debug|Any CPU
		{D9196D03-8B5F-4BDF-9AAC-F2101D0F8BCC}.Release|Any CPU.ActiveCfg = Release|Any CPU
		{D9196D03-8B5F-4BDF-9AAC-F2101D0F8BCC}.Release|Any CPU.Build.0 = Release|Any CPU
		{F66B07ED-759D-4368-AFE2-892860485D73}.Debug|Any CPU.ActiveCfg = Debug|Any CPU
		{F66B07ED-759D-4368-AFE2-892860485D73}.Debug|Any CPU.Build.0 = Debug|Any CPU
		{F66B07ED-759D-4368-AFE2-892860485D73}.Release|Any CPU.ActiveCfg = Release|Any CPU
		{F66B07ED-759D-4368-AFE2-892860485D73}.Release|Any CPU.Build.0 = Release|Any CPU
		{64D86B31-6D65-4A5C-B0F0-5A41D2EAEA2A}.Debug|Any CPU.ActiveCfg = Debug|Any CPU
		{64D86B31-6D65-4A5C-B0F0-5A41D2EAEA2A}.Debug|Any CPU.Build.0 = Debug|Any CPU
		{64D86B31-6D65-4A5C-B0F0-5A41D2EAEA2A}.Release|Any CPU.ActiveCfg = Release|Any CPU
		{64D86B31-6D65-4A5C-B0F0-5A41D2EAEA2A}.Release|Any CPU.Build.0 = Release|Any CPU
		{6DF23732-D256-4C4B-9094-FE8A67771474}.Debug|Any CPU.ActiveCfg = Debug|Any CPU
		{6DF23732-D256-4C4B-9094-FE8A67771474}.Debug|Any CPU.Build.0 = Debug|Any CPU
		{6DF23732-D256-4C4B-9094-FE8A67771474}.Release|Any CPU.ActiveCfg = Release|Any CPU
		{6DF23732-D256-4C4B-9094-FE8A67771474}.Release|Any CPU.Build.0 = Release|Any CPU
		{F7694CEF-1475-4C74-887D-FC13F5DBE498}.Debug|Any CPU.ActiveCfg = Debug|Any CPU
		{F7694CEF-1475-4C74-887D-FC13F5DBE498}.Debug|Any CPU.Build.0 = Debug|Any CPU
		{F7694CEF-1475-4C74-887D-FC13F5DBE498}.Release|Any CPU.ActiveCfg = Release|Any CPU
		{F7694CEF-1475-4C74-887D-FC13F5DBE498}.Release|Any CPU.Build.0 = Release|Any CPU
		{2A3EE816-FE20-42DA-8DE6-AD96B352582B}.Debug|Any CPU.ActiveCfg = Debug|Any CPU
		{2A3EE816-FE20-42DA-8DE6-AD96B352582B}.Debug|Any CPU.Build.0 = Debug|Any CPU
		{2A3EE816-FE20-42DA-8DE6-AD96B352582B}.Release|Any CPU.ActiveCfg = Release|Any CPU
		{2A3EE816-FE20-42DA-8DE6-AD96B352582B}.Release|Any CPU.Build.0 = Release|Any CPU
		{86F34925-2A62-4F33-B14A-D875B251A8F6}.Debug|Any CPU.ActiveCfg = Debug|Any CPU
		{86F34925-2A62-4F33-B14A-D875B251A8F6}.Debug|Any CPU.Build.0 = Debug|Any CPU
		{86F34925-2A62-4F33-B14A-D875B251A8F6}.Release|Any CPU.ActiveCfg = Release|Any CPU
		{86F34925-2A62-4F33-B14A-D875B251A8F6}.Release|Any CPU.Build.0 = Release|Any CPU
		{749C0389-D0F2-4451-9668-F271B9CE828E}.Debug|Any CPU.ActiveCfg = Debug|Any CPU
		{749C0389-D0F2-4451-9668-F271B9CE828E}.Debug|Any CPU.Build.0 = Debug|Any CPU
		{749C0389-D0F2-4451-9668-F271B9CE828E}.Release|Any CPU.ActiveCfg = Release|Any CPU
		{749C0389-D0F2-4451-9668-F271B9CE828E}.Release|Any CPU.Build.0 = Release|Any CPU
		{B20403FF-B154-497C-9890-8DC989747240}.Debug|Any CPU.ActiveCfg = Debug|Any CPU
		{B20403FF-B154-497C-9890-8DC989747240}.Debug|Any CPU.Build.0 = Debug|Any CPU
		{B20403FF-B154-497C-9890-8DC989747240}.Release|Any CPU.ActiveCfg = Release|Any CPU
		{B20403FF-B154-497C-9890-8DC989747240}.Release|Any CPU.Build.0 = Release|Any CPU
		{27F0C66F-4D26-4CA9-8E6A-88FCC3712B13}.Debug|Any CPU.ActiveCfg = Debug|Any CPU
		{27F0C66F-4D26-4CA9-8E6A-88FCC3712B13}.Debug|Any CPU.Build.0 = Debug|Any CPU
		{27F0C66F-4D26-4CA9-8E6A-88FCC3712B13}.Release|Any CPU.ActiveCfg = Release|Any CPU
		{27F0C66F-4D26-4CA9-8E6A-88FCC3712B13}.Release|Any CPU.Build.0 = Release|Any CPU
		{3A705CB8-3C4E-4A6B-AB5C-ACE50412636D}.Debug|Any CPU.ActiveCfg = Debug|Any CPU
		{3A705CB8-3C4E-4A6B-AB5C-ACE50412636D}.Debug|Any CPU.Build.0 = Debug|Any CPU
		{3A705CB8-3C4E-4A6B-AB5C-ACE50412636D}.Release|Any CPU.ActiveCfg = Release|Any CPU
		{3A705CB8-3C4E-4A6B-AB5C-ACE50412636D}.Release|Any CPU.Build.0 = Release|Any CPU
	EndGlobalSection
	GlobalSection(SolutionProperties) = preSolution
		HideSolutionNode = FALSE
	EndGlobalSection
	GlobalSection(NestedProjects) = preSolution
		{C91B7A47-7043-4511-A0C5-F88056A9A7C7} = {75F39818-9A4A-4964-BD7A-652B1F54A38F}
		{FA2AA725-D833-4040-A235-FFF94A86EED4} = {75F39818-9A4A-4964-BD7A-652B1F54A38F}
		{68D78717-313B-4D58-AAF8-8489485CB2F5} = {75F39818-9A4A-4964-BD7A-652B1F54A38F}
		{1154A081-4DE3-49FC-A66B-9C2C666C8310} = {75F39818-9A4A-4964-BD7A-652B1F54A38F}
		{F7783EBF-D371-46D9-AFEC-C76D55A7F6CC} = {75F39818-9A4A-4964-BD7A-652B1F54A38F}
		{B4CC54D2-E203-43CD-95BB-8BB2942DAB5F} = {CCB2783C-C151-4987-AFDD-A79EF7ABB9D4}
		{EFD06DD6-E22A-4BB7-A0D5-1DF7A7B8990D} = {CCB2783C-C151-4987-AFDD-A79EF7ABB9D4}
		{7D0A9D3A-389C-4991-8EEB-187AA8549005} = {CCB2783C-C151-4987-AFDD-A79EF7ABB9D4}
		{D9196D03-8B5F-4BDF-9AAC-F2101D0F8BCC} = {CCB2783C-C151-4987-AFDD-A79EF7ABB9D4}
		{F66B07ED-759D-4368-AFE2-892860485D73} = {CCB2783C-C151-4987-AFDD-A79EF7ABB9D4}
		{64D86B31-6D65-4A5C-B0F0-5A41D2EAEA2A} = {9EA13DFC-8205-4349-BF66-0D7C6F3AC669}
		{6DF23732-D256-4C4B-9094-FE8A67771474} = {9EA13DFC-8205-4349-BF66-0D7C6F3AC669}
		{F7694CEF-1475-4C74-887D-FC13F5DBE498} = {9EA13DFC-8205-4349-BF66-0D7C6F3AC669}
		{2A3EE816-FE20-42DA-8DE6-AD96B352582B} = {9EA13DFC-8205-4349-BF66-0D7C6F3AC669}
		{86F34925-2A62-4F33-B14A-D875B251A8F6} = {7CAC6992-108B-4E88-A016-762C7083BB0E}
		{749C0389-D0F2-4451-9668-F271B9CE828E} = {7CAC6992-108B-4E88-A016-762C7083BB0E}
		{B20403FF-B154-497C-9890-8DC989747240} = {7CAC6992-108B-4E88-A016-762C7083BB0E}
		{27F0C66F-4D26-4CA9-8E6A-88FCC3712B13} = {7CAC6992-108B-4E88-A016-762C7083BB0E}
		{3A705CB8-3C4E-4A6B-AB5C-ACE50412636D} = {E60674C6-4635-4A33-93CF-67C027DBF2CD}
	EndGlobalSection
	GlobalSection(ExtensibilityGlobals) = postSolution
		SolutionGuid = {AFD5F111-A2B3-42B9-BFE3-981263C6E95F}
	EndGlobalSection
EndGlobal
